
Microsoft Visual Studio Solution File, Format Version 12.00
# Visual Studio 15
VisualStudioVersion = 15.0.28010.2026
MinimumVisualStudioVersion = 10.0.40219.1
Project("{F184B08F-C81C-45F6-A57F-5ABD9991F28F}") = "WindowsApp8", "WindowsApp8\WindowsApp8.vbproj", "{4D51AA17-ADA5-4FC8-B7A7-CAEDD4A28512}"
EndProject
Global
	GlobalSection(SolutionConfigurationPlatforms) = preSolution
		Debug|Any CPU = Debug|Any CPU
		Release|Any CPU = Release|Any CPU
	EndGlobalSection
	GlobalSection(ProjectConfigurationPlatforms) = postSolution
		{4D51AA17-ADA5-4FC8-B7A7-CAEDD4A28512}.Debug|Any CPU.ActiveCfg = Debug|Any CPU
		{4D51AA17-ADA5-4FC8-B7A7-CAEDD4A28512}.Debug|Any CPU.Build.0 = Debug|Any CPU
		{4D51AA17-ADA5-4FC8-B7A7-CAEDD4A28512}.Release|Any CPU.ActiveCfg = Release|Any CPU
		{4D51AA17-ADA5-4FC8-B7A7-CAEDD4A28512}.Release|Any CPU.Build.0 = Release|Any CPU
	EndGlobalSection
	GlobalSection(SolutionProperties) = preSolution
		HideSolutionNode = FALSE
	EndGlobalSection
	GlobalSection(ExtensibilityGlobals) = postSolution
		SolutionGuid = {582DD79E-E848-40CE-9278-05206BE4D5C3}
	EndGlobalSection
EndGlobal
